// !$*UTF8*$!
{
	archiveVersion = 1;
	classes = {
	};
	objectVersion = 55;
	objects = {

/* Begin PBXBuildFile section */
		3310D8342920F36C00B2E996 /* SharedStateView.swift in Sources */ = {isa = PBXBuildFile; fileRef = 3310D8332920F36C00B2E996 /* SharedStateView.swift */; };
		3326B5B0291A0F8D006BF3CC /* AlertAndConfirmationDialog.swift in Sources */ = {isa = PBXBuildFile; fileRef = 3326B5AF291A0F8D006BF3CC /* AlertAndConfirmationDialog.swift */; };
		3326B5B2291A29B2006BF3CC /* BindingBasicsView.swift in Sources */ = {isa = PBXBuildFile; fileRef = 3326B5B1291A29B2006BF3CC /* BindingBasicsView.swift */; };
		335EA9BA291BAB4F0077D0E0 /* CounterDemoView.swift in Sources */ = {isa = PBXBuildFile; fileRef = 335EA9B9291BAB4F0077D0E0 /* CounterDemoView.swift */; };
		335EA9BC291CB7570077D0E0 /* FocusDemoView.swift in Sources */ = {isa = PBXBuildFile; fileRef = 335EA9BB291CB7570077D0E0 /* FocusDemoView.swift */; };
		335EA9C4291CE3120077D0E0 /* AnimationsView.swift in Sources */ = {isa = PBXBuildFile; fileRef = 335EA9C3291CE3120077D0E0 /* AnimationsView.swift */; };
		335EA9C6291CE6B90077D0E0 /* BindingFormView.swift in Sources */ = {isa = PBXBuildFile; fileRef = 335EA9C5291CE6B90077D0E0 /* BindingFormView.swift */; };
		335EA9C8291E5BA70077D0E0 /* TwoCountersView.swift in Sources */ = {isa = PBXBuildFile; fileRef = 335EA9C7291E5BA70077D0E0 /* TwoCountersView.swift */; };
		335EA9CA291F85ED0077D0E0 /* OptionalBasicsView.swift in Sources */ = {isa = PBXBuildFile; fileRef = 335EA9C9291F85ED0077D0E0 /* OptionalBasicsView.swift */; };
		33CCAB9D2918DBA5007EC4F3 /* TCAStudyApp.swift in Sources */ = {isa = PBXBuildFile; fileRef = 33CCAB9C2918DBA5007EC4F3 /* TCAStudyApp.swift */; };
		33CCAB9F2918DBA5007EC4F3 /* ContentView.swift in Sources */ = {isa = PBXBuildFile; fileRef = 33CCAB9E2918DBA5007EC4F3 /* ContentView.swift */; };
		33CCABA12918DBA6007EC4F3 /* Assets.xcassets in Resources */ = {isa = PBXBuildFile; fileRef = 33CCABA02918DBA6007EC4F3 /* Assets.xcassets */; };
		33CCABA42918DBA6007EC4F3 /* Preview Assets.xcassets in Resources */ = {isa = PBXBuildFile; fileRef = 33CCABA32918DBA6007EC4F3 /* Preview Assets.xcassets */; };
		33CCABAC2918DBEE007EC4F3 /* ComposableArchitecture in Frameworks */ = {isa = PBXBuildFile; productRef = 33CCABAB2918DBEE007EC4F3 /* ComposableArchitecture */; };
		33CCABAE2918DBEE007EC4F3 /* Dependencies in Frameworks */ = {isa = PBXBuildFile; productRef = 33CCABAD2918DBEE007EC4F3 /* Dependencies */; };
/* End PBXBuildFile section */

/* Begin PBXFileReference section */
		3310D8332920F36C00B2E996 /* SharedStateView.swift */ = {isa = PBXFileReference; lastKnownFileType = sourcecode.swift; path = SharedStateView.swift; sourceTree = "<group>"; };
		3326B5AF291A0F8D006BF3CC /* AlertAndConfirmationDialog.swift */ = {isa = PBXFileReference; lastKnownFileType = sourcecode.swift; path = AlertAndConfirmationDialog.swift; sourceTree = "<group>"; };
		3326B5B1291A29B2006BF3CC /* BindingBasicsView.swift */ = {isa = PBXFileReference; lastKnownFileType = sourcecode.swift; path = BindingBasicsView.swift; sourceTree = "<group>"; };
		335EA9B9291BAB4F0077D0E0 /* CounterDemoView.swift */ = {isa = PBXFileReference; lastKnownFileType = sourcecode.swift; path = CounterDemoView.swift; sourceTree = "<group>"; };
		335EA9BB291CB7570077D0E0 /* FocusDemoView.swift */ = {isa = PBXFileReference; lastKnownFileType = sourcecode.swift; path = FocusDemoView.swift; sourceTree = "<group>"; };
		335EA9C3291CE3120077D0E0 /* AnimationsView.swift */ = {isa = PBXFileReference; lastKnownFileType = sourcecode.swift; path = AnimationsView.swift; sourceTree = "<group>"; };
		335EA9C5291CE6B90077D0E0 /* BindingFormView.swift */ = {isa = PBXFileReference; lastKnownFileType = sourcecode.swift; path = BindingFormView.swift; sourceTree = "<group>"; };
		335EA9C7291E5BA70077D0E0 /* TwoCountersView.swift */ = {isa = PBXFileReference; lastKnownFileType = sourcecode.swift; path = TwoCountersView.swift; sourceTree = "<group>"; };
		335EA9C9291F85ED0077D0E0 /* OptionalBasicsView.swift */ = {isa = PBXFileReference; lastKnownFileType = sourcecode.swift; path = OptionalBasicsView.swift; sourceTree = "<group>"; };
		33CCAB992918DBA5007EC4F3 /* TCAStudy.app */ = {isa = PBXFileReference; explicitFileType = wrapper.application; includeInIndex = 0; path = TCAStudy.app; sourceTree = BUILT_PRODUCTS_DIR; };
		33CCAB9C2918DBA5007EC4F3 /* TCAStudyApp.swift */ = {isa = PBXFileReference; lastKnownFileType = sourcecode.swift; path = TCAStudyApp.swift; sourceTree = "<group>"; };
		33CCAB9E2918DBA5007EC4F3 /* ContentView.swift */ = {isa = PBXFileReference; lastKnownFileType = sourcecode.swift; path = ContentView.swift; sourceTree = "<group>"; };
		33CCABA02918DBA6007EC4F3 /* Assets.xcassets */ = {isa = PBXFileReference; lastKnownFileType = folder.assetcatalog; path = Assets.xcassets; sourceTree = "<group>"; };
		33CCABA32918DBA6007EC4F3 /* Preview Assets.xcassets */ = {isa = PBXFileReference; lastKnownFileType = folder.assetcatalog; path = "Preview Assets.xcassets"; sourceTree = "<group>"; };
/* End PBXFileReference section */

/* Begin PBXFrameworksBuildPhase section */
		33CCAB962918DBA5007EC4F3 /* Frameworks */ = {
			isa = PBXFrameworksBuildPhase;
			buildActionMask = 2147483647;
			files = (
				33CCABAC2918DBEE007EC4F3 /* ComposableArchitecture in Frameworks */,
				33CCABAE2918DBEE007EC4F3 /* Dependencies in Frameworks */,
			);
			runOnlyForDeploymentPostprocessing = 0;
		};
/* End PBXFrameworksBuildPhase section */

/* Begin PBXGroup section */
		333C35542921E14B0006BCB6 /* examples */ = {
			isa = PBXGroup;
			children = (
				3326B5AF291A0F8D006BF3CC /* AlertAndConfirmationDialog.swift */,
				3326B5B1291A29B2006BF3CC /* BindingBasicsView.swift */,
				335EA9B9291BAB4F0077D0E0 /* CounterDemoView.swift */,
				335EA9BB291CB7570077D0E0 /* FocusDemoView.swift */,
				335EA9C3291CE3120077D0E0 /* AnimationsView.swift */,
				335EA9C5291CE6B90077D0E0 /* BindingFormView.swift */,
				335EA9C7291E5BA70077D0E0 /* TwoCountersView.swift */,
				335EA9C9291F85ED0077D0E0 /* OptionalBasicsView.swift */,
				3310D8332920F36C00B2E996 /* SharedStateView.swift */,
			);
			path = examples;
			sourceTree = "<group>";
		};
		33CCAB902918DBA5007EC4F3 = {
			isa = PBXGroup;
			children = (
				33CCAB9B2918DBA5007EC4F3 /* TCAStudy */,
				33CCAB9A2918DBA5007EC4F3 /* Products */,
			);
			sourceTree = "<group>";
		};
		33CCAB9A2918DBA5007EC4F3 /* Products */ = {
			isa = PBXGroup;
			children = (
				33CCAB992918DBA5007EC4F3 /* TCAStudy.app */,
			);
			name = Products;
			sourceTree = "<group>";
		};
		33CCAB9B2918DBA5007EC4F3 /* TCAStudy */ = {
			isa = PBXGroup;
			children = (
				333C35542921E14B0006BCB6 /* examples */,
				33CCAB9C2918DBA5007EC4F3 /* TCAStudyApp.swift */,
				33CCAB9E2918DBA5007EC4F3 /* ContentView.swift */,
				33CCABA02918DBA6007EC4F3 /* Assets.xcassets */,
				33CCABA22918DBA6007EC4F3 /* Preview Content */,
			);
			path = TCAStudy;
			sourceTree = "<group>";
		};
		33CCABA22918DBA6007EC4F3 /* Preview Content */ = {
			isa = PBXGroup;
			children = (
				33CCABA32918DBA6007EC4F3 /* Preview Assets.xcassets */,
			);
			path = "Preview Content";
			sourceTree = "<group>";
		};
/* End PBXGroup section */

/* Begin PBXNativeTarget section */
		33CCAB982918DBA5007EC4F3 /* TCAStudy */ = {
			isa = PBXNativeTarget;
			buildConfigurationList = 33CCABA72918DBA6007EC4F3 /* Build configuration list for PBXNativeTarget "TCAStudy" */;
			buildPhases = (
				33CCAB952918DBA5007EC4F3 /* Sources */,
				33CCAB962918DBA5007EC4F3 /* Frameworks */,
				33CCAB972918DBA5007EC4F3 /* Resources */,
			);
			buildRules = (
			);
			dependencies = (
			);
			name = TCAStudy;
			packageProductDependencies = (
				33CCABAB2918DBEE007EC4F3 /* ComposableArchitecture */,
				33CCABAD2918DBEE007EC4F3 /* Dependencies */,
			);
			productName = TCAStudy;
			productReference = 33CCAB992918DBA5007EC4F3 /* TCAStudy.app */;
			productType = "com.apple.product-type.application";
		};
/* End PBXNativeTarget section */

/* Begin PBXProject section */
		33CCAB912918DBA5007EC4F3 /* Project object */ = {
			isa = PBXProject;
			attributes = {
				BuildIndependentTargetsInParallel = 1;
				LastSwiftUpdateCheck = 1340;
				LastUpgradeCheck = 1340;
				TargetAttributes = {
					33CCAB982918DBA5007EC4F3 = {
						CreatedOnToolsVersion = 13.4.1;
					};
				};
			};
			buildConfigurationList = 33CCAB942918DBA5007EC4F3 /* Build configuration list for PBXProject "TCAStudy" */;
			compatibilityVersion = "Xcode 13.0";
			developmentRegion = en;
			hasScannedForEncodings = 0;
			knownRegions = (
				en,
				Base,
			);
			mainGroup = 33CCAB902918DBA5007EC4F3;
			packageReferences = (
				33CCABAA2918DBEE007EC4F3 /* XCRemoteSwiftPackageReference "swift-composable-architecture" */,
			);
			productRefGroup = 33CCAB9A2918DBA5007EC4F3 /* Products */;
			projectDirPath = "";
			projectRoot = "";
			targets = (
				33CCAB982918DBA5007EC4F3 /* TCAStudy */,
			);
		};
/* End PBXProject section */

/* Begin PBXResourcesBuildPhase section */
		33CCAB972918DBA5007EC4F3 /* Resources */ = {
			isa = PBXResourcesBuildPhase;
			buildActionMask = 2147483647;
			files = (
				33CCABA42918DBA6007EC4F3 /* Preview Assets.xcassets in Resources */,
				33CCABA12918DBA6007EC4F3 /* Assets.xcassets in Resources */,
			);
			runOnlyForDeploymentPostprocessing = 0;
		};
/* End PBXResourcesBuildPhase section */

/* Begin PBXSourcesBuildPhase section */
		33CCAB952918DBA5007EC4F3 /* Sources */ = {
			isa = PBXSourcesBuildPhase;
			buildActionMask = 2147483647;
			files = (
				335EA9BA291BAB4F0077D0E0 /* CounterDemoView.swift in Sources */,
				33CCAB9F2918DBA5007EC4F3 /* ContentView.swift in Sources */,
				335EA9C6291CE6B90077D0E0 /* BindingFormView.swift in Sources */,
				335EA9BC291CB7570077D0E0 /* FocusDemoView.swift in Sources */,
				335EA9C4291CE3120077D0E0 /* AnimationsView.swift in Sources */,
				3326B5B2291A29B2006BF3CC /* BindingBasicsView.swift in Sources */,
				3326B5B0291A0F8D006BF3CC /* AlertAndConfirmationDialog.swift in Sources */,
				33CCAB9D2918DBA5007EC4F3 /* TCAStudyApp.swift in Sources */,
				3310D8342920F36C00B2E996 /* SharedStateView.swift in Sources */,
				335EA9C8291E5BA70077D0E0 /* TwoCountersView.swift in Sources */,
				335EA9CA291F85ED0077D0E0 /* OptionalBasicsView.swift in Sources */,
			);
			runOnlyForDeploymentPostprocessing = 0;
		};
/* End PBXSourcesBuildPhase section */

/* Begin XCBuildConfiguration section */
		33CCABA52918DBA6007EC4F3 /* Debug */ = {
			isa = XCBuildConfiguration;
			buildSettings = {
				ALWAYS_SEARCH_USER_PATHS = NO;
				CLANG_ANALYZER_NONNULL = YES;
				CLANG_ANALYZER_NUMBER_OBJECT_CONVERSION = YES_AGGRESSIVE;
				CLANG_CXX_LANGUAGE_STANDARD = "gnu++17";
				CLANG_ENABLE_MODULES = YES;
				CLANG_ENABLE_OBJC_ARC = YES;
				CLANG_ENABLE_OBJC_WEAK = YES;
				CLANG_WARN_BLOCK_CAPTURE_AUTORELEASING = YES;
				CLANG_WARN_BOOL_CONVERSION = YES;
				CLANG_WARN_COMMA = YES;
				CLANG_WARN_CONSTANT_CONVERSION = YES;
				CLANG_WARN_DEPRECATED_OBJC_IMPLEMENTATIONS = YES;
				CLANG_WARN_DIRECT_OBJC_ISA_USAGE = YES_ERROR;
				CLANG_WARN_DOCUMENTATION_COMMENTS = YES;
				CLANG_WARN_EMPTY_BODY = YES;
				CLANG_WARN_ENUM_CONVERSION = YES;
				CLANG_WARN_INFINITE_RECURSION = YES;
				CLANG_WARN_INT_CONVERSION = YES;
				CLANG_WARN_NON_LITERAL_NULL_CONVERSION = YES;
				CLANG_WARN_OBJC_IMPLICIT_RETAIN_SELF = YES;
				CLANG_WARN_OBJC_LITERAL_CONVERSION = YES;
				CLANG_WARN_OBJC_ROOT_CLASS = YES_ERROR;
				CLANG_WARN_QUOTED_INCLUDE_IN_FRAMEWORK_HEADER = YES;
				CLANG_WARN_RANGE_LOOP_ANALYSIS = YES;
				CLANG_WARN_STRICT_PROTOTYPES = YES;
				CLANG_WARN_SUSPICIOUS_MOVE = YES;
				CLANG_WARN_UNGUARDED_AVAILABILITY = YES_AGGRESSIVE;
				CLANG_WARN_UNREACHABLE_CODE = YES;
				CLANG_WARN__DUPLICATE_METHOD_MATCH = YES;
				COPY_PHASE_STRIP = NO;
				DEBUG_INFORMATION_FORMAT = dwarf;
				ENABLE_STRICT_OBJC_MSGSEND = YES;
				ENABLE_TESTABILITY = YES;
				GCC_C_LANGUAGE_STANDARD = gnu11;
				GCC_DYNAMIC_NO_PIC = NO;
				GCC_NO_COMMON_BLOCKS = YES;
				GCC_OPTIMIZATION_LEVEL = 0;
				GCC_PREPROCESSOR_DEFINITIONS = (
					"DEBUG=1",
					"$(inherited)",
				);
				GCC_WARN_64_TO_32_BIT_CONVERSION = YES;
				GCC_WARN_ABOUT_RETURN_TYPE = YES_ERROR;
				GCC_WARN_UNDECLARED_SELECTOR = YES;
				GCC_WARN_UNINITIALIZED_AUTOS = YES_AGGRESSIVE;
				GCC_WARN_UNUSED_FUNCTION = YES;
				GCC_WARN_UNUSED_VARIABLE = YES;
				IPHONEOS_DEPLOYMENT_TARGET = 16.1;
				MTL_ENABLE_DEBUG_INFO = INCLUDE_SOURCE;
				MTL_FAST_MATH = YES;
				ONLY_ACTIVE_ARCH = YES;
				SDKROOT = iphoneos;
				SWIFT_ACTIVE_COMPILATION_CONDITIONS = DEBUG;
				SWIFT_OPTIMIZATION_LEVEL = "-Onone";
			};
			name = Debug;
		};
		33CCABA62918DBA6007EC4F3 /* Release */ = {
			isa = XCBuildConfiguration;
			buildSettings = {
				ALWAYS_SEARCH_USER_PATHS = NO;
				CLANG_ANALYZER_NONNULL = YES;
				CLANG_ANALYZER_NUMBER_OBJECT_CONVERSION = YES_AGGRESSIVE;
				CLANG_CXX_LANGUAGE_STANDARD = "gnu++17";
				CLANG_ENABLE_MODULES = YES;
				CLANG_ENABLE_OBJC_ARC = YES;
				CLANG_ENABLE_OBJC_WEAK = YES;
				CLANG_WARN_BLOCK_CAPTURE_AUTORELEASING = YES;
				CLANG_WARN_BOOL_CONVERSION = YES;
				CLANG_WARN_COMMA = YES;
				CLANG_WARN_CONSTANT_CONVERSION = YES;
				CLANG_WARN_DEPRECATED_OBJC_IMPLEMENTATIONS = YES;
				CLANG_WARN_DIRECT_OBJC_ISA_USAGE = YES_ERROR;
				CLANG_WARN_DOCUMENTATION_COMMENTS = YES;
				CLANG_WARN_EMPTY_BODY = YES;
				CLANG_WARN_ENUM_CONVERSION = YES;
				CLANG_WARN_INFINITE_RECURSION = YES;
				CLANG_WARN_INT_CONVERSION = YES;
				CLANG_WARN_NON_LITERAL_NULL_CONVERSION = YES;
				CLANG_WARN_OBJC_IMPLICIT_RETAIN_SELF = YES;
				CLANG_WARN_OBJC_LITERAL_CONVERSION = YES;
				CLANG_WARN_OBJC_ROOT_CLASS = YES_ERROR;
				CLANG_WARN_QUOTED_INCLUDE_IN_FRAMEWORK_HEADER = YES;
				CLANG_WARN_RANGE_LOOP_ANALYSIS = YES;
				CLANG_WARN_STRICT_PROTOTYPES = YES;
				CLANG_WARN_SUSPICIOUS_MOVE = YES;
				CLANG_WARN_UNGUARDED_AVAILABILITY = YES_AGGRESSIVE;
				CLANG_WARN_UNREACHABLE_CODE = YES;
				CLANG_WARN__DUPLICATE_METHOD_MATCH = YES;
				COPY_PHASE_STRIP = NO;
				DEBUG_INFORMATION_FORMAT = "dwarf-with-dsym";
				ENABLE_NS_ASSERTIONS = NO;
				ENABLE_STRICT_OBJC_MSGSEND = YES;
				GCC_C_LANGUAGE_STANDARD = gnu11;
				GCC_NO_COMMON_BLOCKS = YES;
				GCC_WARN_64_TO_32_BIT_CONVERSION = YES;
				GCC_WARN_ABOUT_RETURN_TYPE = YES_ERROR;
				GCC_WARN_UNDECLARED_SELECTOR = YES;
				GCC_WARN_UNINITIALIZED_AUTOS = YES_AGGRESSIVE;
				GCC_WARN_UNUSED_FUNCTION = YES;
				GCC_WARN_UNUSED_VARIABLE = YES;
				IPHONEOS_DEPLOYMENT_TARGET = 16.1;
				MTL_ENABLE_DEBUG_INFO = NO;
				MTL_FAST_MATH = YES;
				SDKROOT = iphoneos;
				SWIFT_COMPILATION_MODE = wholemodule;
				SWIFT_OPTIMIZATION_LEVEL = "-O";
				VALIDATE_PRODUCT = YES;
			};
			name = Release;
		};
		33CCABA82918DBA6007EC4F3 /* Debug */ = {
			isa = XCBuildConfiguration;
			buildSettings = {
				ASSETCATALOG_COMPILER_APPICON_NAME = AppIcon;
				ASSETCATALOG_COMPILER_GLOBAL_ACCENT_COLOR_NAME = AccentColor;
				CODE_SIGN_STYLE = Automatic;
				CURRENT_PROJECT_VERSION = 1;
				DEVELOPMENT_ASSET_PATHS = "\"TCAStudy/Preview Content\"";
				DEVELOPMENT_TEAM = 2N6GUCNLQH;
				ENABLE_PREVIEWS = YES;
				GENERATE_INFOPLIST_FILE = YES;
				INFOPLIST_KEY_UIApplicationSceneManifest_Generation = YES;
				INFOPLIST_KEY_UIApplicationSupportsIndirectInputEvents = YES;
				INFOPLIST_KEY_UILaunchScreen_Generation = YES;
				INFOPLIST_KEY_UISupportedInterfaceOrientations_iPad = "UIInterfaceOrientationPortrait UIInterfaceOrientationPortraitUpsideDown UIInterfaceOrientationLandscapeLeft UIInterfaceOrientationLandscapeRight";
				INFOPLIST_KEY_UISupportedInterfaceOrientations_iPhone = "UIInterfaceOrientationPortrait UIInterfaceOrientationLandscapeLeft UIInterfaceOrientationLandscapeRight";
				IPHONEOS_DEPLOYMENT_TARGET = 16.1;
				LD_RUNPATH_SEARCH_PATHS = (
					"$(inherited)",
					"@executable_path/Frameworks",
				);
				MARKETING_VERSION = 1.0;
				PRODUCT_BUNDLE_IDENTIFIER = me.kiljh.TCAStudy;
				PRODUCT_NAME = "$(TARGET_NAME)";
				SWIFT_EMIT_LOC_STRINGS = YES;
				SWIFT_VERSION = 5.0;
				TARGETED_DEVICE_FAMILY = "1,2";
			};
			name = Debug;
		};
		33CCABA92918DBA6007EC4F3 /* Release */ = {
			isa = XCBuildConfiguration;
			buildSettings = {
				ASSETCATALOG_COMPILER_APPICON_NAME = AppIcon;
				ASSETCATALOG_COMPILER_GLOBAL_ACCENT_COLOR_NAME = AccentColor;
				CODE_SIGN_STYLE = Automatic;
				CURRENT_PROJECT_VERSION = 1;
				DEVELOPMENT_ASSET_PATHS = "\"TCAStudy/Preview Content\"";
				DEVELOPMENT_TEAM = 2N6GUCNLQH;
				ENABLE_PREVIEWS = YES;
				GENERATE_INFOPLIST_FILE = YES;
				INFOPLIST_KEY_UIApplicationSceneManifest_Generation = YES;
				INFOPLIST_KEY_UIApplicationSupportsIndirectInputEvents = YES;
				INFOPLIST_KEY_UILaunchScreen_Generation = YES;
				INFOPLIST_KEY_UISupportedInterfaceOrientations_iPad = "UIInterfaceOrientationPortrait UIInterfaceOrientationPortraitUpsideDown UIInterfaceOrientationLandscapeLeft UIInterfaceOrientationLandscapeRight";
				INFOPLIST_KEY_UISupportedInterfaceOrientations_iPhone = "UIInterfaceOrientationPortrait UIInterfaceOrientationLandscapeLeft UIInterfaceOrientationLandscapeRight";
				IPHONEOS_DEPLOYMENT_TARGET = 16.1;
				LD_RUNPATH_SEARCH_PATHS = (
					"$(inherited)",
					"@executable_path/Frameworks",
				);
				MARKETING_VERSION = 1.0;
				PRODUCT_BUNDLE_IDENTIFIER = me.kiljh.TCAStudy;
				PRODUCT_NAME = "$(TARGET_NAME)";
				SWIFT_EMIT_LOC_STRINGS = YES;
				SWIFT_VERSION = 5.0;
				TARGETED_DEVICE_FAMILY = "1,2";
			};
			name = Release;
		};
/* End XCBuildConfiguration section */

/* Begin XCConfigurationList section */
		33CCAB942918DBA5007EC4F3 /* Build configuration list for PBXProject "TCAStudy" */ = {
			isa = XCConfigurationList;
			buildConfigurations = (
				33CCABA52918DBA6007EC4F3 /* Debug */,
				33CCABA62918DBA6007EC4F3 /* Release */,
			);
			defaultConfigurationIsVisible = 0;
			defaultConfigurationName = Release;
		};
		33CCABA72918DBA6007EC4F3 /* Build configuration list for PBXNativeTarget "TCAStudy" */ = {
			isa = XCConfigurationList;
			buildConfigurations = (
				33CCABA82918DBA6007EC4F3 /* Debug */,
				33CCABA92918DBA6007EC4F3 /* Release */,
			);
			defaultConfigurationIsVisible = 0;
			defaultConfigurationName = Release;
		};
/* End XCConfigurationList section */

/* Begin XCRemoteSwiftPackageReference section */
		33CCABAA2918DBEE007EC4F3 /* XCRemoteSwiftPackageReference "swift-composable-architecture" */ = {
			isa = XCRemoteSwiftPackageReference;
			repositoryURL = "https://github.com/pointfreeco/swift-composable-architecture";
			requirement = {
				kind = upToNextMajorVersion;
				minimumVersion = 0.9.0;
			};
		};
/* End XCRemoteSwiftPackageReference section */

/* Begin XCSwiftPackageProductDependency section */
		33CCABAB2918DBEE007EC4F3 /* ComposableArchitecture */ = {
			isa = XCSwiftPackageProductDependency;
			package = 33CCABAA2918DBEE007EC4F3 /* XCRemoteSwiftPackageReference "swift-composable-architecture" */;
			productName = ComposableArchitecture;
		};
		33CCABAD2918DBEE007EC4F3 /* Dependencies */ = {
			isa = XCSwiftPackageProductDependency;
			package = 33CCABAA2918DBEE007EC4F3 /* XCRemoteSwiftPackageReference "swift-composable-architecture" */;
			productName = Dependencies;
		};
/* End XCSwiftPackageProductDependency section */
	};
	rootObject = 33CCAB912918DBA5007EC4F3 /* Project object */;
}
